
Microsoft Visual Studio Solution File, Format Version 12.00
# Visual Studio Version 17
VisualStudioVersion = 17.8.34525.116
MinimumVisualStudioVersion = 10.0.40219.1
Project("{FAE04EC0-301F-11D3-BF4B-00C04F79EFBC}") = "BookWeb", "BookWeb\BookWeb.csproj", "{9F890DBC-A9CE-44B8-A598-93A657AE0CFD}"
EndProject
Global
	GlobalSection(SolutionConfigurationPlatforms) = preSolution
		Debug|Any CPU = Debug|Any CPU
		Release|Any CPU = Release|Any CPU
	EndGlobalSection
	GlobalSection(ProjectConfigurationPlatforms) = postSolution
		{9F890DBC-A9CE-44B8-A598-93A657AE0CFD}.Debug|Any CPU.ActiveCfg = Debug|Any CPU
		{9F890DBC-A9CE-44B8-A598-93A657AE0CFD}.Debug|Any CPU.Build.0 = Debug|Any CPU
		{9F890DBC-A9CE-44B8-A598-93A657AE0CFD}.Release|Any CPU.ActiveCfg = Release|Any CPU
		{9F890DBC-A9CE-44B8-A598-93A657AE0CFD}.Release|Any CPU.Build.0 = Release|Any CPU
	EndGlobalSection
	GlobalSection(SolutionProperties) = preSolution
		HideSolutionNode = FALSE
	EndGlobalSection
	GlobalSection(ExtensibilityGlobals) = postSolution
		SolutionGuid = {A2379B88-5953-4094-986A-E1111AC7B87F}
	EndGlobalSection
EndGlobal
